
Microsoft Visual Studio Solution File, Format Version 12.00
# Visual Studio 14
VisualStudioVersion = 14.0.25420.1
MinimumVisualStudioVersion = 10.0.40219.1
Project("{D954291E-2A0B-460D-934E-DC6B0785DB48}") = "BuildAll", "BuildAll\BuildAll.shproj", "{B0952508-7600-4F3A-A39D-CE5F86C48629}"
EndProject
Project("{FAE04EC0-301F-11D3-BF4B-00C04F79EFBC}") = "TreeMon.Tests", "src\Test\TreeMon.Tests\TreeMon.Tests.csproj", "{F8917117-3346-45D2-9524-6C2A14878321}"
EndProject
Project("{FAE04EC0-301F-11D3-BF4B-00C04F79EFBC}") = "TreeMon.Utilites", "src\Common\TreeMon.Utilites\TreeMon.Utilites.csproj", "{3B4C1739-DA22-4DA4-BCA6-99D52535112A}"
EndProject
Project("{FAE04EC0-301F-11D3-BF4B-00C04F79EFBC}") = "TreeMon.Models", "src\Common\TreeMon.Models\TreeMon.Models.csproj", "{11A65C6E-7398-450D-B1E8-4152D0A1F48F}"
EndProject
Project("{2150E333-8FDC-42A3-9474-1A3956D46DE8}") = "Core", "Core", "{953244B9-481A-4906-8527-13DC6830CFA3}"
EndProject
Project("{FAE04EC0-301F-11D3-BF4B-00C04F79EFBC}") = "TreeMon.Managers", "src\Common\TreeMon.Managers\TreeMon.Managers.csproj", "{4B594255-E277-44AA-9107-CD4BFFDE0F5D}"
EndProject
Project("{FAE04EC0-301F-11D3-BF4B-00C04F79EFBC}") = "TreeMon.Data", "src\Common\TreeMon.Data\TreeMon.Data.csproj", "{BDF06218-41FA-4808-9DAE-D027771A757F}"
EndProject
Project("{2150E333-8FDC-42A3-9474-1A3956D46DE8}") = "Services", "Services", "{0C590AC0-E19D-40B3-859D-1D6F77598094}"
EndProject
Project("{FAE04EC0-301F-11D3-BF4B-00C04F79EFBC}") = "TreeMon.WebAPI", "src\Services\TreeMon.WebAPI\TreeMon.WebAPI\TreeMon.WebAPI.csproj", "{6747723C-E97E-461D-9936-B2A3CC230A36}"
EndProject
Project("{2150E333-8FDC-42A3-9474-1A3956D46DE8}") = "Solution Items", "Solution Items", "{AAE6EC78-E1AC-4BB6-98A4-B27552CDC391}"
	ProjectSection(SolutionItems) = preProject
		README.md = README.md
	EndProjectSection
EndProject
Global
	GlobalSection(SharedMSBuildProjectFiles) = preSolution
		BuildAll\BuildAll.projitems*{b0952508-7600-4f3a-a39d-ce5f86c48629}*SharedItemsImports = 13
	EndGlobalSection
	GlobalSection(SolutionConfigurationPlatforms) = preSolution
		Debug|Any CPU = Debug|Any CPU
		Debug|x64 = Debug|x64
		Debug|x86 = Debug|x86
		Release|Any CPU = Release|Any CPU
		Release|x64 = Release|x64
		Release|x86 = Release|x86
		Test.MSSQL|Any CPU = Test.MSSQL|Any CPU
		Test.MSSQL|x64 = Test.MSSQL|x64
		Test.MSSQL|x86 = Test.MSSQL|x86
		Test.MYSQL|Any CPU = Test.MYSQL|Any CPU
		Test.MYSQL|x64 = Test.MYSQL|x64
		Test.MYSQL|x86 = Test.MYSQL|x86
		Test.SQLITE|Any CPU = Test.SQLITE|Any CPU
		Test.SQLITE|x64 = Test.SQLITE|x64
		Test.SQLITE|x86 = Test.SQLITE|x86
	EndGlobalSection
	GlobalSection(ProjectConfigurationPlatforms) = postSolution
		{F8917117-3346-45D2-9524-6C2A14878321}.Debug|Any CPU.ActiveCfg = Debug|Any CPU
		{F8917117-3346-45D2-9524-6C2A14878321}.Debug|Any CPU.Build.0 = Debug|Any CPU
		{F8917117-3346-45D2-9524-6C2A14878321}.Debug|x64.ActiveCfg = Debug|x64
		{F8917117-3346-45D2-9524-6C2A14878321}.Debug|x64.Build.0 = Debug|x64
		{F8917117-3346-45D2-9524-6C2A14878321}.Debug|x86.ActiveCfg = Debug|x86
		{F8917117-3346-45D2-9524-6C2A14878321}.Debug|x86.Build.0 = Debug|x86
		{F8917117-3346-45D2-9524-6C2A14878321}.Release|Any CPU.ActiveCfg = Release|Any CPU
		{F8917117-3346-45D2-9524-6C2A14878321}.Release|Any CPU.Build.0 = Release|Any CPU
		{F8917117-3346-45D2-9524-6C2A14878321}.Release|x64.ActiveCfg = Release|x64
		{F8917117-3346-45D2-9524-6C2A14878321}.Release|x64.Build.0 = Release|x64
		{F8917117-3346-45D2-9524-6C2A14878321}.Release|x86.ActiveCfg = Release|x86
		{F8917117-3346-45D2-9524-6C2A14878321}.Release|x86.Build.0 = Release|x86
		{F8917117-3346-45D2-9524-6C2A14878321}.Test.MSSQL|Any CPU.ActiveCfg = Test.MSSQL|Any CPU
		{F8917117-3346-45D2-9524-6C2A14878321}.Test.MSSQL|Any CPU.Build.0 = Test.MSSQL|Any CPU
		{F8917117-3346-45D2-9524-6C2A14878321}.Test.MSSQL|x64.ActiveCfg = Test.MSSQL|x64
		{F8917117-3346-45D2-9524-6C2A14878321}.Test.MSSQL|x64.Build.0 = Test.MSSQL|x64
		{F8917117-3346-45D2-9524-6C2A14878321}.Test.MSSQL|x86.ActiveCfg = Test.MSSQL|x86
		{F8917117-3346-45D2-9524-6C2A14878321}.Test.MSSQL|x86.Build.0 = Test.MSSQL|x86
		{F8917117-3346-45D2-9524-6C2A14878321}.Test.MYSQL|Any CPU.ActiveCfg = Test.MYSQL|Any CPU
		{F8917117-3346-45D2-9524-6C2A14878321}.Test.MYSQL|Any CPU.Build.0 = Test.MYSQL|Any CPU
		{F8917117-3346-45D2-9524-6C2A14878321}.Test.MYSQL|x64.ActiveCfg = Test.MYSQL|x64
		{F8917117-3346-45D2-9524-6C2A14878321}.Test.MYSQL|x64.Build.0 = Test.MYSQL|x64
		{F8917117-3346-45D2-9524-6C2A14878321}.Test.MYSQL|x86.ActiveCfg = Test.MYSQL|x86
		{F8917117-3346-45D2-9524-6C2A14878321}.Test.MYSQL|x86.Build.0 = Test.MYSQL|x86
		{F8917117-3346-45D2-9524-6C2A14878321}.Test.SQLITE|Any CPU.ActiveCfg = Test.SQLITE|Any CPU
		{F8917117-3346-45D2-9524-6C2A14878321}.Test.SQLITE|Any CPU.Build.0 = Test.SQLITE|Any CPU
		{F8917117-3346-45D2-9524-6C2A14878321}.Test.SQLITE|x64.ActiveCfg = Test.SQLITE|x64
		{F8917117-3346-45D2-9524-6C2A14878321}.Test.SQLITE|x64.Build.0 = Test.SQLITE|x64
		{F8917117-3346-45D2-9524-6C2A14878321}.Test.SQLITE|x86.ActiveCfg = Test.SQLITE|x86
		{F8917117-3346-45D2-9524-6C2A14878321}.Test.SQLITE|x86.Build.0 = Test.SQLITE|x86
		{3B4C1739-DA22-4DA4-BCA6-99D52535112A}.Debug|Any CPU.ActiveCfg = Debug|Any CPU
		{3B4C1739-DA22-4DA4-BCA6-99D52535112A}.Debug|Any CPU.Build.0 = Debug|Any CPU
		{3B4C1739-DA22-4DA4-BCA6-99D52535112A}.Debug|x64.ActiveCfg = Debug|x64
		{3B4C1739-DA22-4DA4-BCA6-99D52535112A}.Debug|x64.Build.0 = Debug|x64
		{3B4C1739-DA22-4DA4-BCA6-99D52535112A}.Debug|x86.ActiveCfg = Debug|x86
		{3B4C1739-DA22-4DA4-BCA6-99D52535112A}.Debug|x86.Build.0 = Debug|x86
		{3B4C1739-DA22-4DA4-BCA6-99D52535112A}.Release|Any CPU.ActiveCfg = Release|Any CPU
		{3B4C1739-DA22-4DA4-BCA6-99D52535112A}.Release|Any CPU.Build.0 = Release|Any CPU
		{3B4C1739-DA22-4DA4-BCA6-99D52535112A}.Release|x64.ActiveCfg = Release|x64
		{3B4C1739-DA22-4DA4-BCA6-99D52535112A}.Release|x64.Build.0 = Release|x64
		{3B4C1739-DA22-4DA4-BCA6-99D52535112A}.Release|x86.ActiveCfg = Release|x86
		{3B4C1739-DA22-4DA4-BCA6-99D52535112A}.Release|x86.Build.0 = Release|x86
		{3B4C1739-DA22-4DA4-BCA6-99D52535112A}.Test.MSSQL|Any CPU.ActiveCfg = Release|Any CPU
		{3B4C1739-DA22-4DA4-BCA6-99D52535112A}.Test.MSSQL|Any CPU.Build.0 = Release|Any CPU
		{3B4C1739-DA22-4DA4-BCA6-99D52535112A}.Test.MSSQL|x64.ActiveCfg = Release|x64
		{3B4C1739-DA22-4DA4-BCA6-99D52535112A}.Test.MSSQL|x64.Build.0 = Release|x64
		{3B4C1739-DA22-4DA4-BCA6-99D52535112A}.Test.MSSQL|x86.ActiveCfg = Release|x86
		{3B4C1739-DA22-4DA4-BCA6-99D52535112A}.Test.MSSQL|x86.Build.0 = Release|x86
		{3B4C1739-DA22-4DA4-BCA6-99D52535112A}.Test.MYSQL|Any CPU.ActiveCfg = Release|Any CPU
		{3B4C1739-DA22-4DA4-BCA6-99D52535112A}.Test.MYSQL|Any CPU.Build.0 = Release|Any CPU
		{3B4C1739-DA22-4DA4-BCA6-99D52535112A}.Test.MYSQL|x64.ActiveCfg = Release|x64
		{3B4C1739-DA22-4DA4-BCA6-99D52535112A}.Test.MYSQL|x64.Build.0 = Release|x64
		{3B4C1739-DA22-4DA4-BCA6-99D52535112A}.Test.MYSQL|x86.ActiveCfg = Release|x86
		{3B4C1739-DA22-4DA4-BCA6-99D52535112A}.Test.MYSQL|x86.Build.0 = Release|x86
		{3B4C1739-DA22-4DA4-BCA6-99D52535112A}.Test.SQLITE|Any CPU.ActiveCfg = Release|Any CPU
		{3B4C1739-DA22-4DA4-BCA6-99D52535112A}.Test.SQLITE|Any CPU.Build.0 = Release|Any CPU
		{3B4C1739-DA22-4DA4-BCA6-99D52535112A}.Test.SQLITE|x64.ActiveCfg = Release|x64
		{3B4C1739-DA22-4DA4-BCA6-99D52535112A}.Test.SQLITE|x64.Build.0 = Release|x64
		{3B4C1739-DA22-4DA4-BCA6-99D52535112A}.Test.SQLITE|x86.ActiveCfg = Release|x86
		{3B4C1739-DA22-4DA4-BCA6-99D52535112A}.Test.SQLITE|x86.Build.0 = Release|x86
		{11A65C6E-7398-450D-B1E8-4152D0A1F48F}.Debug|Any CPU.ActiveCfg = Debug|Any CPU
		{11A65C6E-7398-450D-B1E8-4152D0A1F48F}.Debug|Any CPU.Build.0 = Debug|Any CPU
		{11A65C6E-7398-450D-B1E8-4152D0A1F48F}.Debug|x64.ActiveCfg = Debug|x64
		{11A65C6E-7398-450D-B1E8-4152D0A1F48F}.Debug|x64.Build.0 = Debug|x64
		{11A65C6E-7398-450D-B1E8-4152D0A1F48F}.Debug|x86.ActiveCfg = Debug|x86
		{11A65C6E-7398-450D-B1E8-4152D0A1F48F}.Debug|x86.Build.0 = Debug|x86
		{11A65C6E-7398-450D-B1E8-4152D0A1F48F}.Release|Any CPU.ActiveCfg = Release|Any CPU
		{11A65C6E-7398-450D-B1E8-4152D0A1F48F}.Release|Any CPU.Build.0 = Release|Any CPU
		{11A65C6E-7398-450D-B1E8-4152D0A1F48F}.Release|x64.ActiveCfg = Release|x64
		{11A65C6E-7398-450D-B1E8-4152D0A1F48F}.Release|x64.Build.0 = Release|x64
		{11A65C6E-7398-450D-B1E8-4152D0A1F48F}.Release|x86.ActiveCfg = Release|x86
		{11A65C6E-7398-450D-B1E8-4152D0A1F48F}.Release|x86.Build.0 = Release|x86
		{11A65C6E-7398-450D-B1E8-4152D0A1F48F}.Test.MSSQL|Any CPU.ActiveCfg = Release|Any CPU
		{11A65C6E-7398-450D-B1E8-4152D0A1F48F}.Test.MSSQL|Any CPU.Build.0 = Release|Any CPU
		{11A65C6E-7398-450D-B1E8-4152D0A1F48F}.Test.MSSQL|x64.ActiveCfg = Release|x64
		{11A65C6E-7398-450D-B1E8-4152D0A1F48F}.Test.MSSQL|x64.Build.0 = Release|x64
		{11A65C6E-7398-450D-B1E8-4152D0A1F48F}.Test.MSSQL|x86.ActiveCfg = Release|x86
		{11A65C6E-7398-450D-B1E8-4152D0A1F48F}.Test.MSSQL|x86.Build.0 = Release|x86
		{11A65C6E-7398-450D-B1E8-4152D0A1F48F}.Test.MYSQL|Any CPU.ActiveCfg = Release|Any CPU
		{11A65C6E-7398-450D-B1E8-4152D0A1F48F}.Test.MYSQL|Any CPU.Build.0 = Release|Any CPU
		{11A65C6E-7398-450D-B1E8-4152D0A1F48F}.Test.MYSQL|x64.ActiveCfg = Release|x64
		{11A65C6E-7398-450D-B1E8-4152D0A1F48F}.Test.MYSQL|x64.Build.0 = Release|x64
		{11A65C6E-7398-450D-B1E8-4152D0A1F48F}.Test.MYSQL|x86.ActiveCfg = Release|x86
		{11A65C6E-7398-450D-B1E8-4152D0A1F48F}.Test.MYSQL|x86.Build.0 = Release|x86
		{11A65C6E-7398-450D-B1E8-4152D0A1F48F}.Test.SQLITE|Any CPU.ActiveCfg = Release|Any CPU
		{11A65C6E-7398-450D-B1E8-4152D0A1F48F}.Test.SQLITE|Any CPU.Build.0 = Release|Any CPU
		{11A65C6E-7398-450D-B1E8-4152D0A1F48F}.Test.SQLITE|x64.ActiveCfg = Release|x64
		{11A65C6E-7398-450D-B1E8-4152D0A1F48F}.Test.SQLITE|x64.Build.0 = Release|x64
		{11A65C6E-7398-450D-B1E8-4152D0A1F48F}.Test.SQLITE|x86.ActiveCfg = Release|x86
		{11A65C6E-7398-450D-B1E8-4152D0A1F48F}.Test.SQLITE|x86.Build.0 = Release|x86
		{4B594255-E277-44AA-9107-CD4BFFDE0F5D}.Debug|Any CPU.ActiveCfg = Debug|Any CPU
		{4B594255-E277-44AA-9107-CD4BFFDE0F5D}.Debug|Any CPU.Build.0 = Debug|Any CPU
		{4B594255-E277-44AA-9107-CD4BFFDE0F5D}.Debug|x64.ActiveCfg = Debug|x64
		{4B594255-E277-44AA-9107-CD4BFFDE0F5D}.Debug|x64.Build.0 = Debug|x64
		{4B594255-E277-44AA-9107-CD4BFFDE0F5D}.Debug|x86.ActiveCfg = Debug|x86
		{4B594255-E277-44AA-9107-CD4BFFDE0F5D}.Debug|x86.Build.0 = Debug|x86
		{4B594255-E277-44AA-9107-CD4BFFDE0F5D}.Release|Any CPU.ActiveCfg = Release|Any CPU
		{4B594255-E277-44AA-9107-CD4BFFDE0F5D}.Release|Any CPU.Build.0 = Release|Any CPU
		{4B594255-E277-44AA-9107-CD4BFFDE0F5D}.Release|x64.ActiveCfg = Release|x64
		{4B594255-E277-44AA-9107-CD4BFFDE0F5D}.Release|x64.Build.0 = Release|x64
		{4B594255-E277-44AA-9107-CD4BFFDE0F5D}.Release|x86.ActiveCfg = Release|x86
		{4B594255-E277-44AA-9107-CD4BFFDE0F5D}.Release|x86.Build.0 = Release|x86
		{4B594255-E277-44AA-9107-CD4BFFDE0F5D}.Test.MSSQL|Any CPU.ActiveCfg = Release|Any CPU
		{4B594255-E277-44AA-9107-CD4BFFDE0F5D}.Test.MSSQL|Any CPU.Build.0 = Release|Any CPU
		{4B594255-E277-44AA-9107-CD4BFFDE0F5D}.Test.MSSQL|x64.ActiveCfg = Release|x64
		{4B594255-E277-44AA-9107-CD4BFFDE0F5D}.Test.MSSQL|x64.Build.0 = Release|x64
		{4B594255-E277-44AA-9107-CD4BFFDE0F5D}.Test.MSSQL|x86.ActiveCfg = Release|x86
		{4B594255-E277-44AA-9107-CD4BFFDE0F5D}.Test.MSSQL|x86.Build.0 = Release|x86
		{4B594255-E277-44AA-9107-CD4BFFDE0F5D}.Test.MYSQL|Any CPU.ActiveCfg = Release|Any CPU
		{4B594255-E277-44AA-9107-CD4BFFDE0F5D}.Test.MYSQL|Any CPU.Build.0 = Release|Any CPU
		{4B594255-E277-44AA-9107-CD4BFFDE0F5D}.Test.MYSQL|x64.ActiveCfg = Release|x64
		{4B594255-E277-44AA-9107-CD4BFFDE0F5D}.Test.MYSQL|x64.Build.0 = Release|x64
		{4B594255-E277-44AA-9107-CD4BFFDE0F5D}.Test.MYSQL|x86.ActiveCfg = Release|x86
		{4B594255-E277-44AA-9107-CD4BFFDE0F5D}.Test.MYSQL|x86.Build.0 = Release|x86
		{4B594255-E277-44AA-9107-CD4BFFDE0F5D}.Test.SQLITE|Any CPU.ActiveCfg = Release|Any CPU
		{4B594255-E277-44AA-9107-CD4BFFDE0F5D}.Test.SQLITE|Any CPU.Build.0 = Release|Any CPU
		{4B594255-E277-44AA-9107-CD4BFFDE0F5D}.Test.SQLITE|x64.ActiveCfg = Release|x64
		{4B594255-E277-44AA-9107-CD4BFFDE0F5D}.Test.SQLITE|x64.Build.0 = Release|x64
		{4B594255-E277-44AA-9107-CD4BFFDE0F5D}.Test.SQLITE|x86.ActiveCfg = Release|x86
		{4B594255-E277-44AA-9107-CD4BFFDE0F5D}.Test.SQLITE|x86.Build.0 = Release|x86
		{BDF06218-41FA-4808-9DAE-D027771A757F}.Debug|Any CPU.ActiveCfg = Debug|Any CPU
		{BDF06218-41FA-4808-9DAE-D027771A757F}.Debug|Any CPU.Build.0 = Debug|Any CPU
		{BDF06218-41FA-4808-9DAE-D027771A757F}.Debug|x64.ActiveCfg = Debug|x64
		{BDF06218-41FA-4808-9DAE-D027771A757F}.Debug|x64.Build.0 = Debug|x64
		{BDF06218-41FA-4808-9DAE-D027771A757F}.Debug|x86.ActiveCfg = Debug|x86
		{BDF06218-41FA-4808-9DAE-D027771A757F}.Debug|x86.Build.0 = Debug|x86
		{BDF06218-41FA-4808-9DAE-D027771A757F}.Release|Any CPU.ActiveCfg = Release|Any CPU
		{BDF06218-41FA-4808-9DAE-D027771A757F}.Release|Any CPU.Build.0 = Release|Any CPU
		{BDF06218-41FA-4808-9DAE-D027771A757F}.Release|x64.ActiveCfg = Release|x64
		{BDF06218-41FA-4808-9DAE-D027771A757F}.Release|x64.Build.0 = Release|x64
		{BDF06218-41FA-4808-9DAE-D027771A757F}.Release|x86.ActiveCfg = Release|x86
		{BDF06218-41FA-4808-9DAE-D027771A757F}.Release|x86.Build.0 = Release|x86
		{BDF06218-41FA-4808-9DAE-D027771A757F}.Test.MSSQL|Any CPU.ActiveCfg = Release|Any CPU
		{BDF06218-41FA-4808-9DAE-D027771A757F}.Test.MSSQL|Any CPU.Build.0 = Release|Any CPU
		{BDF06218-41FA-4808-9DAE-D027771A757F}.Test.MSSQL|x64.ActiveCfg = Release|x64
		{BDF06218-41FA-4808-9DAE-D027771A757F}.Test.MSSQL|x64.Build.0 = Release|x64
		{BDF06218-41FA-4808-9DAE-D027771A757F}.Test.MSSQL|x86.ActiveCfg = Release|x86
		{BDF06218-41FA-4808-9DAE-D027771A757F}.Test.MSSQL|x86.Build.0 = Release|x86
		{BDF06218-41FA-4808-9DAE-D027771A757F}.Test.MYSQL|Any CPU.ActiveCfg = Release|Any CPU
		{BDF06218-41FA-4808-9DAE-D027771A757F}.Test.MYSQL|Any CPU.Build.0 = Release|Any CPU
		{BDF06218-41FA-4808-9DAE-D027771A757F}.Test.MYSQL|x64.ActiveCfg = Release|x64
		{BDF06218-41FA-4808-9DAE-D027771A757F}.Test.MYSQL|x64.Build.0 = Release|x64
		{BDF06218-41FA-4808-9DAE-D027771A757F}.Test.MYSQL|x86.ActiveCfg = Release|x86
		{BDF06218-41FA-4808-9DAE-D027771A757F}.Test.MYSQL|x86.Build.0 = Release|x86
		{BDF06218-41FA-4808-9DAE-D027771A757F}.Test.SQLITE|Any CPU.ActiveCfg = Release|Any CPU
		{BDF06218-41FA-4808-9DAE-D027771A757F}.Test.SQLITE|Any CPU.Build.0 = Release|Any CPU
		{BDF06218-41FA-4808-9DAE-D027771A757F}.Test.SQLITE|x64.ActiveCfg = Release|x64
		{BDF06218-41FA-4808-9DAE-D027771A757F}.Test.SQLITE|x64.Build.0 = Release|x64
		{BDF06218-41FA-4808-9DAE-D027771A757F}.Test.SQLITE|x86.ActiveCfg = Release|x86
		{BDF06218-41FA-4808-9DAE-D027771A757F}.Test.SQLITE|x86.Build.0 = Release|x86
		{6747723C-E97E-461D-9936-B2A3CC230A36}.Debug|Any CPU.ActiveCfg = Debug|Any CPU
		{6747723C-E97E-461D-9936-B2A3CC230A36}.Debug|Any CPU.Build.0 = Debug|Any CPU
		{6747723C-E97E-461D-9936-B2A3CC230A36}.Debug|x64.ActiveCfg = Debug|Any CPU
		{6747723C-E97E-461D-9936-B2A3CC230A36}.Debug|x64.Build.0 = Debug|Any CPU
		{6747723C-E97E-461D-9936-B2A3CC230A36}.Debug|x86.ActiveCfg = Debug|Any CPU
		{6747723C-E97E-461D-9936-B2A3CC230A36}.Debug|x86.Build.0 = Debug|Any CPU
		{6747723C-E97E-461D-9936-B2A3CC230A36}.Release|Any CPU.ActiveCfg = Release|Any CPU
		{6747723C-E97E-461D-9936-B2A3CC230A36}.Release|Any CPU.Build.0 = Release|Any CPU
		{6747723C-E97E-461D-9936-B2A3CC230A36}.Release|x64.ActiveCfg = Release|Any CPU
		{6747723C-E97E-461D-9936-B2A3CC230A36}.Release|x64.Build.0 = Release|Any CPU
		{6747723C-E97E-461D-9936-B2A3CC230A36}.Release|x86.ActiveCfg = Release|Any CPU
		{6747723C-E97E-461D-9936-B2A3CC230A36}.Release|x86.Build.0 = Release|Any CPU
		{6747723C-E97E-461D-9936-B2A3CC230A36}.Test.MSSQL|Any CPU.ActiveCfg = Release|Any CPU
		{6747723C-E97E-461D-9936-B2A3CC230A36}.Test.MSSQL|Any CPU.Build.0 = Release|Any CPU
		{6747723C-E97E-461D-9936-B2A3CC230A36}.Test.MSSQL|x64.ActiveCfg = Release|Any CPU
		{6747723C-E97E-461D-9936-B2A3CC230A36}.Test.MSSQL|x64.Build.0 = Release|Any CPU
		{6747723C-E97E-461D-9936-B2A3CC230A36}.Test.MSSQL|x86.ActiveCfg = Release|Any CPU
		{6747723C-E97E-461D-9936-B2A3CC230A36}.Test.MSSQL|x86.Build.0 = Release|Any CPU
		{6747723C-E97E-461D-9936-B2A3CC230A36}.Test.MYSQL|Any CPU.ActiveCfg = Release|Any CPU
		{6747723C-E97E-461D-9936-B2A3CC230A36}.Test.MYSQL|Any CPU.Build.0 = Release|Any CPU
		{6747723C-E97E-461D-9936-B2A3CC230A36}.Test.MYSQL|x64.ActiveCfg = Release|Any CPU
		{6747723C-E97E-461D-9936-B2A3CC230A36}.Test.MYSQL|x64.Build.0 = Release|Any CPU
		{6747723C-E97E-461D-9936-B2A3CC230A36}.Test.MYSQL|x86.ActiveCfg = Release|Any CPU
		{6747723C-E97E-461D-9936-B2A3CC230A36}.Test.MYSQL|x86.Build.0 = Release|Any CPU
		{6747723C-E97E-461D-9936-B2A3CC230A36}.Test.SQLITE|Any CPU.ActiveCfg = Release|Any CPU
		{6747723C-E97E-461D-9936-B2A3CC230A36}.Test.SQLITE|Any CPU.Build.0 = Release|Any CPU
		{6747723C-E97E-461D-9936-B2A3CC230A36}.Test.SQLITE|x64.ActiveCfg = Release|Any CPU
		{6747723C-E97E-461D-9936-B2A3CC230A36}.Test.SQLITE|x64.Build.0 = Release|Any CPU
		{6747723C-E97E-461D-9936-B2A3CC230A36}.Test.SQLITE|x86.ActiveCfg = Release|Any CPU
		{6747723C-E97E-461D-9936-B2A3CC230A36}.Test.SQLITE|x86.Build.0 = Release|Any CPU
	EndGlobalSection
	GlobalSection(SolutionProperties) = preSolution
		HideSolutionNode = FALSE
	EndGlobalSection
	GlobalSection(NestedProjects) = preSolution
		{3B4C1739-DA22-4DA4-BCA6-99D52535112A} = {953244B9-481A-4906-8527-13DC6830CFA3}
		{11A65C6E-7398-450D-B1E8-4152D0A1F48F} = {953244B9-481A-4906-8527-13DC6830CFA3}
		{4B594255-E277-44AA-9107-CD4BFFDE0F5D} = {953244B9-481A-4906-8527-13DC6830CFA3}
		{BDF06218-41FA-4808-9DAE-D027771A757F} = {953244B9-481A-4906-8527-13DC6830CFA3}
		{6747723C-E97E-461D-9936-B2A3CC230A36} = {0C590AC0-E19D-40B3-859D-1D6F77598094}
	EndGlobalSection
EndGlobal
