
Microsoft Visual Studio Solution File, Format Version 12.00
# Visual Studio 14
VisualStudioVersion = 14.0.25123.0
MinimumVisualStudioVersion = 10.0.40219.1
Project("{D954291E-2A0B-460D-934E-DC6B0785DB48}") = "BuildAll", "BuildAll\BuildAll.shproj", "{B0952508-7600-4F3A-A39D-CE5F86C48629}"
EndProject
Global
	GlobalSection(SharedMSBuildProjectFiles) = preSolution
		BuildAll\BuildAll.projitems*{b0952508-7600-4f3a-a39d-ce5f86c48629}*SharedItemsImports = 13
	EndGlobalSection
	GlobalSection(SolutionProperties) = preSolution
		HideSolutionNode = FALSE
	EndGlobalSection
EndGlobal
